
Microsoft Visual Studio Solution File, Format Version 12.00
# Visual Studio 2012
Project("{FAE04EC0-301F-11D3-BF4B-00C04F79EFBC}") = "00_VoorbeeldOpgave", "00_VoorbeeldOpgave\00_VoorbeeldOpgave.csproj", "{0CF4FC83-2039-4D42-8F62-4EBF33798BF5}"
EndProject
Project("{FAE04EC0-301F-11D3-BF4B-00C04F79EFBC}") = "10_C0_1 - MinMax", "10_C0_1 - MinMax\10_C0_1 - MinMax.csproj", "{74FAD3AA-1835-4C22-BB96-496CEAB12E25}"
EndProject
Global
	GlobalSection(SolutionConfigurationPlatforms) = preSolution
		Debug|Any CPU = Debug|Any CPU
		Release|Any CPU = Release|Any CPU
	EndGlobalSection
	GlobalSection(ProjectConfigurationPlatforms) = postSolution
		{0CF4FC83-2039-4D42-8F62-4EBF33798BF5}.Debug|Any CPU.ActiveCfg = Debug|Any CPU
		{0CF4FC83-2039-4D42-8F62-4EBF33798BF5}.Debug|Any CPU.Build.0 = Debug|Any CPU
		{0CF4FC83-2039-4D42-8F62-4EBF33798BF5}.Release|Any CPU.ActiveCfg = Release|Any CPU
		{0CF4FC83-2039-4D42-8F62-4EBF33798BF5}.Release|Any CPU.Build.0 = Release|Any CPU
		{74FAD3AA-1835-4C22-BB96-496CEAB12E25}.Debug|Any CPU.ActiveCfg = Debug|Any CPU
		{74FAD3AA-1835-4C22-BB96-496CEAB12E25}.Debug|Any CPU.Build.0 = Debug|Any CPU
		{74FAD3AA-1835-4C22-BB96-496CEAB12E25}.Release|Any CPU.ActiveCfg = Release|Any CPU
		{74FAD3AA-1835-4C22-BB96-496CEAB12E25}.Release|Any CPU.Build.0 = Release|Any CPU
	EndGlobalSection
	GlobalSection(SolutionProperties) = preSolution
		HideSolutionNode = FALSE
	EndGlobalSection
EndGlobal
